{
  "name": "webapp01",
  "lockfileVersion": 2,
  "requires": true,
  "packages": {
    "": {
      "dependencies": {
        "create-next-app": "^13.1.4"
      }
    },
    "node_modules/create-next-app": {
      "version": "13.1.4",
      "resolved": "https://registry.npmjs.org/create-next-app/-/create-next-app-13.1.4.tgz",
      "integrity": "sha512-Jyb2DrvqdI0QKY6VFU9ExqSYk4ktQZC96qsKVDpNF8jHSS43CiBqWUclr5wcz1iSx5DR5hOIh/TMwDYZm2x4nA==",
      "bin": {
        "create-next-app": "dist/index.js"
      },
      "engines": {
        "node": ">=14.6.0"
      }
    }
  },
  "dependencies": {
    "create-next-app": {
      "version": "13.1.4",
      "resolved": "https://registry.npmjs.org/create-next-app/-/create-next-app-13.1.4.tgz",
      "integrity": "sha512-Jyb2DrvqdI0QKY6VFU9ExqSYk4ktQZC96qsKVDpNF8jHSS43CiBqWUclr5wcz1iSx5DR5hOIh/TMwDYZm2x4nA=="
    }
  }
}
